
Microsoft Visual Studio Solution File, Format Version 12.00
Project("{FAE04EC0-301F-11D3-BF4B-00C04F79EFBC}") = "RedisLab", "RedisLab\RedisLab.csproj", "{648510A1-5E25-4802-B25F-F6C03ED3B957}"
EndProject
Global
	GlobalSection(SolutionConfigurationPlatforms) = preSolution
		Debug|Any CPU = Debug|Any CPU
		Release|Any CPU = Release|Any CPU
	EndGlobalSection
	GlobalSection(ProjectConfigurationPlatforms) = postSolution
		{648510A1-5E25-4802-B25F-F6C03ED3B957}.Debug|Any CPU.ActiveCfg = Debug|Any CPU
		{648510A1-5E25-4802-B25F-F6C03ED3B957}.Debug|Any CPU.Build.0 = Debug|Any CPU
		{648510A1-5E25-4802-B25F-F6C03ED3B957}.Release|Any CPU.ActiveCfg = Release|Any CPU
		{648510A1-5E25-4802-B25F-F6C03ED3B957}.Release|Any CPU.Build.0 = Release|Any CPU
	EndGlobalSection
EndGlobal
